PODS:
  - Alamofire (5.4.1)
  - Kingfisher (6.0.1)
  - SerializedSwift (0.2)

DEPENDENCIES:
  - Alamofire (~> 5.2)
  - Kingfisher (~> 6.0)
  - SerializedSwift

SPEC REPOS:
  trunk:
    - Alamofire
    - Kingfisher
    - SerializedSwift

SPEC CHECKSUMS:
  Alamofire: 2291f7d21ca607c491dd17642e5d40fdcda0e65c
  Kingfisher: adde87a4f74f6a3845395769354efff593581740
  SerializedSwift: 9104c5eca944bebfbb2a84dd4df33d364cafc6ae

PODFILE CHECKSUM: e31ea234bf03dc9ae0ce6f7187c439a28dd21892

COCOAPODS: 1.10.0
